
Microsoft Visual Studio Solution File, Format Version 12.00
# Visual Studio Version 16
VisualStudioVersion = 16.0.32106.194
MinimumVisualStudioVersion = 10.0.40219.1
Project("{FAE04EC0-301F-11D3-BF4B-00C04F79EFBC}") = "SerialVortice", "SerialVortice\SerialVortice.csproj", "{45D992B6-5A2C-408B-8C87-6B4419BF8EE9}"
EndProject
Global
	GlobalSection(SolutionConfigurationPlatforms) = preSolution
		Debug|Any CPU = Debug|Any CPU
		Release|Any CPU = Release|Any CPU
	EndGlobalSection
	GlobalSection(ProjectConfigurationPlatforms) = postSolution
		{45D992B6-5A2C-408B-8C87-6B4419BF8EE9}.Debug|Any CPU.ActiveCfg = Debug|Any CPU
		{45D992B6-5A2C-408B-8C87-6B4419BF8EE9}.Debug|Any CPU.Build.0 = Debug|Any CPU
		{45D992B6-5A2C-408B-8C87-6B4419BF8EE9}.Release|Any CPU.ActiveCfg = Release|Any CPU
		{45D992B6-5A2C-408B-8C87-6B4419BF8EE9}.Release|Any CPU.Build.0 = Release|Any CPU
	EndGlobalSection
	GlobalSection(SolutionProperties) = preSolution
		HideSolutionNode = FALSE
	EndGlobalSection
	GlobalSection(ExtensibilityGlobals) = postSolution
		SolutionGuid = {EE035A91-7DE4-4DC3-A226-3BD9EA8182A4}
	EndGlobalSection
EndGlobal
